
Microsoft Visual Studio Solution File, Format Version 12.00
# Visual Studio 15
VisualStudioVersion = 15.0.28307.572
MinimumVisualStudioVersion = 10.0.40219.1
Project("{888888A0-9F3D-457C-B088-3A5042F75D52}") = "HiSpider", "HiSpider\HiSpider.pyproj", "{78C446F7-6187-4714-A74C-68A78B5D9914}"
EndProject
Project("{888888A0-9F3D-457C-B088-3A5042F75D52}") = "NewPython", "..\..\NewPython\NewPython.pyproj", "{6E6BE626-1B31-44AF-B357-7E89A55B9098}"
EndProject
Project("{888888A0-9F3D-457C-B088-3A5042F75D52}") = "QTTest", "..\..\PyQT\QTTest\QTTest.pyproj", "{8178B3CC-050B-4D80-A688-D0D4F14A10F3}"
EndProject
Project("{888888A0-9F3D-457C-B088-3A5042F75D52}") = "PyQt535、36、37", "..\..\PyQT\PyQt5All（密码：xdbcb8）\PyQt5All\PyQt535、36、37\PyQt535、36、37.pyproj", "{21B40585-E32D-44CF-81A7-363D480792B6}"
EndProject
Project("{888888A0-9F3D-457C-B088-3A5042F75D52}") = "PyQt550", "..\..\PyQT\PyQt5All（密码：xdbcb8）\PyQt5All\PyQt550\PyQt550.pyproj", "{C2FEDEB7-580C-46C4-9234-F39845D56E36}"
EndProject
Global
	GlobalSection(SolutionConfigurationPlatforms) = preSolution
		Debug|Any CPU = Debug|Any CPU
		Release|Any CPU = Release|Any CPU
	EndGlobalSection
	GlobalSection(ProjectConfigurationPlatforms) = postSolution
		{78C446F7-6187-4714-A74C-68A78B5D9914}.Debug|Any CPU.ActiveCfg = Debug|Any CPU
		{78C446F7-6187-4714-A74C-68A78B5D9914}.Release|Any CPU.ActiveCfg = Release|Any CPU
		{6E6BE626-1B31-44AF-B357-7E89A55B9098}.Debug|Any CPU.ActiveCfg = Debug|Any CPU
		{6E6BE626-1B31-44AF-B357-7E89A55B9098}.Release|Any CPU.ActiveCfg = Release|Any CPU
		{8178B3CC-050B-4D80-A688-D0D4F14A10F3}.Debug|Any CPU.ActiveCfg = Debug|Any CPU
		{8178B3CC-050B-4D80-A688-D0D4F14A10F3}.Release|Any CPU.ActiveCfg = Release|Any CPU
		{21B40585-E32D-44CF-81A7-363D480792B6}.Debug|Any CPU.ActiveCfg = Debug|Any CPU
		{21B40585-E32D-44CF-81A7-363D480792B6}.Release|Any CPU.ActiveCfg = Release|Any CPU
		{C2FEDEB7-580C-46C4-9234-F39845D56E36}.Debug|Any CPU.ActiveCfg = Debug|Any CPU
		{C2FEDEB7-580C-46C4-9234-F39845D56E36}.Release|Any CPU.ActiveCfg = Release|Any CPU
	EndGlobalSection
	GlobalSection(SolutionProperties) = preSolution
		HideSolutionNode = FALSE
	EndGlobalSection
	GlobalSection(ExtensibilityGlobals) = postSolution
		SolutionGuid = {AE063271-11DF-4A3A-9F39-A8FD009D8BE9}
	EndGlobalSection
EndGlobal
